<?xml version="1.0" encoding="utf-8"?>
<Project ToolsVersion="4.0" xmlns="http://schemas.microsoft.com/developer/msbuild/2003">
  <ItemGroup>
    <Filter Include="Quelldateien">
      <UniqueIdentifier>{4FC737F1-C7A5-4376-A066-2A32D752A2FF}</UniqueIdentifier>
      <Extensions>cpp;c;cc;cxx;def;odl;idl;hpj;bat;asm;asmx</Extensions>
    </Filter>
    <Filter Include="Headerdateien">
      <UniqueIdentifier>{93995380-89BD-4b04-88EB-625FBE52EBFB}</UniqueIdentifier>
      <Extensions>h;hh;hpp;hxx;hm;inl;inc;xsd</Extensions>
    </Filter>
    <Filter Include="Ressourcendateien">
      <UniqueIdentifier>{67DA6AB6-F800-4c08-8B7A-83BB121AAD01}</UniqueIdentifier>
      <Extensions>rc;ico;cur;bmp;dlg;rc2;rct;bin;rgs;gif;jpg;jpeg;jpe;resx;tiff;tif;png;wav;mfcribbon-ms</Extensions>
    </Filter>
  </ItemGroup>
  <ItemGroup>
    <ClCompile Include="main.cpp">
      <Filter>Quelldateien</Filter>
    </ClCompile>
    <ClCompile Include="OpenCLInterface.cpp">
      <Filter>Quelldateien</Filter>
    </ClCompile>
    <ClCompile Include="APyramid.cpp">
      <Filter>Quelldateien</Filter>
    </ClCompile>
    <ClCompile Include="PyramidImages.cpp">
      <Filter>Quelldateien</Filter>
    </ClCompile>
    <ClCompile Include="KernelFilterImages.cpp">
      <Filter>Quelldateien</Filter>
    </ClCompile>
    <ClCompile Include="PyramidCubes.cpp">
      <Filter>Quelldateien</Filter>
    </ClCompile>
    <ClCompile Include="KernelFilterCubes.cpp">
      <Filter>Quelldateien</Filter>
    </ClCompile>
    <ClCompile Include="PyramidBuffer.cpp">
      <Filter>Quelldateien</Filter>
    </ClCompile>
    <ClCompile Include="PyramidImages1D.cpp">
      <Filter>Quelldateien</Filter>
    </ClCompile>
  </ItemGroup>
  <ItemGroup>
    <ClInclude Include="AOpenCLInterface.h">
      <Filter>Headerdateien</Filter>
    </ClInclude>
    <ClInclude Include="OpenCLInterface.h">
      <Filter>Headerdateien</Filter>
    </ClInclude>
    <ClInclude Include="opencl_common.h">
      <Filter>Headerdateien</Filter>
    </ClInclude>
    <ClInclude Include="general.h">
      <Filter>Headerdateien</Filter>
    </ClInclude>
    <ClInclude Include="AKernel.h">
      <Filter>Headerdateien</Filter>
    </ClInclude>
    <ClInclude Include="APyramid.h">
      <Filter>Headerdateien</Filter>
    </ClInclude>
    <ClInclude Include="PyramidImages.h">
      <Filter>Headerdateien</Filter>
    </ClInclude>
    <ClInclude Include="KernelFilterImages.h">
      <Filter>Headerdateien</Filter>
    </ClInclude>
    <ClInclude Include="utils.h">
      <Filter>Headerdateien</Filter>
    </ClInclude>
    <ClInclude Include="PyramidCubes.h">
      <Filter>Headerdateien</Filter>
    </ClInclude>
    <ClInclude Include="KernelFilterCubes.h">
      <Filter>Headerdateien</Filter>
    </ClInclude>
    <ClInclude Include="KernelFilter.h">
      <Filter>Headerdateien</Filter>
    </ClInclude>
    <ClInclude Include="PyramidBuffer.h">
      <Filter>Headerdateien</Filter>
    </ClInclude>
    <ClInclude Include="KernelFilterBuffer.h">
      <Filter>Headerdateien</Filter>
    </ClInclude>
    <ClInclude Include="settings.h">
      <Filter>Headerdateien</Filter>
    </ClInclude>
    <ClInclude Include="PyramidImages1D.h">
      <Filter>Headerdateien</Filter>
    </ClInclude>
  </ItemGroup>
  <ItemGroup>
    <None Include="kernels\filter_images.cl" />
    <None Include="kernels\filter_cubes.cl" />
    <None Include="kernels\filter_buffer.cl" />
    <None Include="kernels\filter_images_defines.cl" />
    <None Include="kernels\filter_images_local.cl" />
    <None Include="kernels\filter_images_normal.cl" />
    <None Include="kernels\filter_images_predefined-local.cl" />
    <None Include="kernels\filter_images_predefined-normal.cl" />
    <None Include="kernels\filter_image1D.cl" />
    <None Include="kernels\filter_image1D_normal.cl" />
  </ItemGroup>
</Project>